{
  "originHash" : "372c91924e01dc5a2a6e336b269639b345ac0dad628a2eee57ebc6707d34275c",
  "pins" : [
    {
      "identity" : "swiftsdl2",
      "kind" : "remoteSourceControl",
      "location" : "https://github.com/ctreffs/SwiftSDL2",
      "state" : {
        "revision" : "30a2886bd68e43fc19ba29b63ffe230ac0e4db7a",
        "version" : "1.4.1"
      }
    }
  ],
  "version" : 3
}
